
Microsoft Visual Studio Solution File, Format Version 12.00
# Visual Studio Version 17
VisualStudioVersion = 17.10.35122.118
MinimumVisualStudioVersion = 10.0.40219.1
Project("{FAE04EC0-301F-11D3-BF4B-00C04F79EFBC}") = "InstallingBootstrap", "InstallingBootstrap\InstallingBootstrap.csproj", "{3B910A81-A5D1-4512-BF64-78973C0F1696}"
EndProject
Global
	GlobalSection(SolutionConfigurationPlatforms) = preSolution
		Debug|Any CPU = Debug|Any CPU
		Release|Any CPU = Release|Any CPU
	EndGlobalSection
	GlobalSection(ProjectConfigurationPlatforms) = postSolution
		{3B910A81-A5D1-4512-BF64-78973C0F1696}.Debug|Any CPU.ActiveCfg = Debug|Any CPU
		{3B910A81-A5D1-4512-BF64-78973C0F1696}.Debug|Any CPU.Build.0 = Debug|Any CPU
		{3B910A81-A5D1-4512-BF64-78973C0F1696}.Release|Any CPU.ActiveCfg = Release|Any CPU
		{3B910A81-A5D1-4512-BF64-78973C0F1696}.Release|Any CPU.Build.0 = Release|Any CPU
	EndGlobalSection
	GlobalSection(SolutionProperties) = preSolution
		HideSolutionNode = FALSE
	EndGlobalSection
	GlobalSection(ExtensibilityGlobals) = postSolution
		SolutionGuid = {17FF749A-4257-498E-B465-E87102C4A7E0}
	EndGlobalSection
EndGlobal
